[{<<"mdns_client">>,{pkg,<<"mdns_client">>,<<"0.1.3">>},1},
 {<<"mdns_client_lib">>,{pkg,<<"mdns_client_lib">>,<<"0.1.24">>},0},
 {<<"pooler">>,{pkg,<<"pooler">>,<<"1.4.0">>},1},
 {<<"goldrush">>,
  {git,"git://github.com/DeadZen/goldrush.git",
       {ref,"71e63212f12c25827e0c1b4198d37d5d018a7fec"}},
  3},
 {<<"uuid">>,
  {git,"https://github.com/project-fifo/erlang-uuid.git",
       {ref,"02e7afa6a90c14da309175c57e9941c3ede6d8a2"}},
  2},
 {<<"riak_dt">>,
  {git,"https://github.com/basho/riak_dt.git",
       {ref,"f7981d4ad7407ddc085f133f204dd71bf9d50c56"}},
  2},
 {<<"libsnarlmatch">>,
  {git,"https://github.com/project-fifo/libsnarlmatch.git",
       {ref,"9e712fb5d6c041fc16af7f85cda4b2c05b06e5a0"}},
  2},
 {<<"lager">>,
  {git,"git://github.com/basho/lager",
       {ref,"b6b6cebcb27ccff8acc59ae775acebc2f52e4926"}},
  2},
 {<<"jsxd">>,
  {git,"https://github.com/Licenser/jsxd.git",
       {ref,"ac60f034e313da8e6c533e247c90e6add16939fe"}},
  2},
 {<<"jsx">>,
  {git,"http://github.com/talentdeficit/jsx.git",
       {ref,"e50af6e109cb03bd26acf715cbc77de746507d1d"}},
  2},
 {<<"fqc">>,
  {git,"https://github.com/project-fifo/fqc.git",
       {ref,"ad62f8121414ed026a6a9f564b1856191ab7d1fc"}},
  2},
 {<<"fifo_dt">>,
  {git,"https://github.com/project-fifo/fifo_dt.git",
       {ref,"b2d056a49d651002fe36a1ff9750b609d5b0569e"}},
  1},
 {<<"fifo_spec">>,
  {git,"https://github.com/project-fifo/fifo_spec.git",
       {ref,"7e463ee3715a39908afe195bf1fb2747ebcfd8cd"}},
  0}].
